
Microsoft Visual Studio Solution File, Format Version 12.00
# Visual Studio Version 17
VisualStudioVersion = 17.0.31903.59
MinimumVisualStudioVersion = 10.0.40219.1
Project("{FAE04EC0-301F-11D3-BF4B-00C04F79EFBC}") = "MyParadeManager.AppHost", "MyParadeManager.AppHost\MyParadeManager.AppHost.csproj", "{CF8176D3-1D5D-4BB3-BA46-17090CE9AE91}"
EndProject
Project("{FAE04EC0-301F-11D3-BF4B-00C04F79EFBC}") = "MyParadeManager.ServiceDefaults", "MyParadeManager.ServiceDefaults\MyParadeManager.ServiceDefaults.csproj", "{23910B56-D793-4499-B85B-9174538FF2AE}"
EndProject
Project("{FAE04EC0-301F-11D3-BF4B-00C04F79EFBC}") = "MyParadeManager.WebApi", "MyParadeManager.WebApi\MyParadeManager.WebApi.csproj", "{2FA90B3D-F6D2-4CDB-87E1-2899DDA30F3A}"
EndProject
Project("{2150E333-8FDC-42A3-9474-1A3956D46DE8}") = "Solution Items", "Solution Items", "{5999037E-2048-4A9E-991B-C13DC13363BC}"
	ProjectSection(SolutionItems) = preProject
		compose.yaml = compose.yaml
	EndProjectSection
EndProject
Global
	GlobalSection(SolutionConfigurationPlatforms) = preSolution
		Debug|Any CPU = Debug|Any CPU
		Release|Any CPU = Release|Any CPU
	EndGlobalSection
	GlobalSection(SolutionProperties) = preSolution
		HideSolutionNode = FALSE
	EndGlobalSection
	GlobalSection(ProjectConfigurationPlatforms) = postSolution
		{CF8176D3-1D5D-4BB3-BA46-17090CE9AE91}.Debug|Any CPU.ActiveCfg = Debug|Any CPU
		{CF8176D3-1D5D-4BB3-BA46-17090CE9AE91}.Debug|Any CPU.Build.0 = Debug|Any CPU
		{CF8176D3-1D5D-4BB3-BA46-17090CE9AE91}.Release|Any CPU.ActiveCfg = Release|Any CPU
		{CF8176D3-1D5D-4BB3-BA46-17090CE9AE91}.Release|Any CPU.Build.0 = Release|Any CPU
		{23910B56-D793-4499-B85B-9174538FF2AE}.Debug|Any CPU.ActiveCfg = Debug|Any CPU
		{23910B56-D793-4499-B85B-9174538FF2AE}.Debug|Any CPU.Build.0 = Debug|Any CPU
		{23910B56-D793-4499-B85B-9174538FF2AE}.Release|Any CPU.ActiveCfg = Release|Any CPU
		{23910B56-D793-4499-B85B-9174538FF2AE}.Release|Any CPU.Build.0 = Release|Any CPU
		{2FA90B3D-F6D2-4CDB-87E1-2899DDA30F3A}.Debug|Any CPU.ActiveCfg = Debug|Any CPU
		{2FA90B3D-F6D2-4CDB-87E1-2899DDA30F3A}.Debug|Any CPU.Build.0 = Debug|Any CPU
		{2FA90B3D-F6D2-4CDB-87E1-2899DDA30F3A}.Release|Any CPU.ActiveCfg = Release|Any CPU
		{2FA90B3D-F6D2-4CDB-87E1-2899DDA30F3A}.Release|Any CPU.Build.0 = Release|Any CPU
	EndGlobalSection
EndGlobal
