
Microsoft Visual Studio Solution File, Format Version 12.00
Project("{FAE04EC0-301F-11D3-BF4B-00C04F79EFBC}") = "MyParadeManager.AppHost", "MyParadeManager.AppHost\MyParadeManager.AppHost.csproj", "{E15EFF8B-EF27-4DFE-B8F9-170447EDFB38}"
EndProject
Project("{FAE04EC0-301F-11D3-BF4B-00C04F79EFBC}") = "MyParadeManager.ServiceDefaults", "MyParadeManager.ServiceDefaults\MyParadeManager.ServiceDefaults.csproj", "{81833807-FAD2-4A60-ACD7-7451F543D553}"
EndProject
Project("{FAE04EC0-301F-11D3-BF4B-00C04F79EFBC}") = "MyParadeManager.WebApp", "MyParadeManager.WebApp\MyParadeManager.WebApp.csproj", "{EF31CE0E-7879-487D-91B1-4D0C49D2319F}"
EndProject
Project("{2150E333-8FDC-42A3-9474-1A3956D46DE8}") = "Solution Items", "Solution Items", "{F4D6A764-9860-4027-9D4C-E07F9F9D66A4}"
	ProjectSection(SolutionItems) = preProject
		compose.yaml = compose.yaml
	EndProjectSection
EndProject
Global
	GlobalSection(SolutionConfigurationPlatforms) = preSolution
		Debug|Any CPU = Debug|Any CPU
		Release|Any CPU = Release|Any CPU
	EndGlobalSection
	GlobalSection(ProjectConfigurationPlatforms) = postSolution
		{E15EFF8B-EF27-4DFE-B8F9-170447EDFB38}.Debug|Any CPU.ActiveCfg = Debug|Any CPU
		{E15EFF8B-EF27-4DFE-B8F9-170447EDFB38}.Debug|Any CPU.Build.0 = Debug|Any CPU
		{E15EFF8B-EF27-4DFE-B8F9-170447EDFB38}.Release|Any CPU.ActiveCfg = Release|Any CPU
		{E15EFF8B-EF27-4DFE-B8F9-170447EDFB38}.Release|Any CPU.Build.0 = Release|Any CPU
		{81833807-FAD2-4A60-ACD7-7451F543D553}.Debug|Any CPU.ActiveCfg = Debug|Any CPU
		{81833807-FAD2-4A60-ACD7-7451F543D553}.Debug|Any CPU.Build.0 = Debug|Any CPU
		{81833807-FAD2-4A60-ACD7-7451F543D553}.Release|Any CPU.ActiveCfg = Release|Any CPU
		{81833807-FAD2-4A60-ACD7-7451F543D553}.Release|Any CPU.Build.0 = Release|Any CPU
		{EF31CE0E-7879-487D-91B1-4D0C49D2319F}.Debug|Any CPU.ActiveCfg = Debug|Any CPU
		{EF31CE0E-7879-487D-91B1-4D0C49D2319F}.Debug|Any CPU.Build.0 = Debug|Any CPU
		{EF31CE0E-7879-487D-91B1-4D0C49D2319F}.Release|Any CPU.ActiveCfg = Release|Any CPU
		{EF31CE0E-7879-487D-91B1-4D0C49D2319F}.Release|Any CPU.Build.0 = Release|Any CPU
	EndGlobalSection
EndGlobal
